{
  "name": "PortfolioWeb",
  "lockfileVersion": 2,
  "requires": true,
  "packages": {
    "": {
      "dependencies": {
        "type-fest": "^1.0.2"
      }
    },
    "node_modules/type-fest": {
      "version": "1.0.2",
      "resolved": "https://registry.npmjs.org/type-fest/-/type-fest-1.0.2.tgz",
      "integrity": "sha512-a720oz3Kjbp3ll0zkeN9qjRhO7I34MKMhPGQiQJAmaZQZQ1lo+NWThK322f7sXV+kTg9B1Ybt16KgBXWgteT8w==",
      "engines": {
        "node": ">=10"
      },
      "funding": {
        "url": "https://github.com/sponsors/sindresorhus"
      }
    }
  },
  "dependencies": {
    "type-fest": {
      "version": "1.0.2",
      "resolved": "https://registry.npmjs.org/type-fest/-/type-fest-1.0.2.tgz",
      "integrity": "sha512-a720oz3Kjbp3ll0zkeN9qjRhO7I34MKMhPGQiQJAmaZQZQ1lo+NWThK322f7sXV+kTg9B1Ybt16KgBXWgteT8w=="
    }
  }
}
